
Microsoft Visual Studio Solution File, Format Version 12.00
# Visual Studio Version 17
VisualStudioVersion = 17.4.33403.182
MinimumVisualStudioVersion = 10.0.40219.1
Project("{FAE04EC0-301F-11D3-BF4B-00C04F79EFBC}") = "Metoda Ścieżki Krytycznej", "Metoda Ścieżki Krytycznej\Metoda Ścieżki Krytycznej.csproj", "{D9507438-5DEC-4FB3-AE16-7EC5D5E8449C}"
EndProject
Global
	GlobalSection(SolutionConfigurationPlatforms) = preSolution
		Debug|Any CPU = Debug|Any CPU
		Release|Any CPU = Release|Any CPU
	EndGlobalSection
	GlobalSection(ProjectConfigurationPlatforms) = postSolution
		{D9507438-5DEC-4FB3-AE16-7EC5D5E8449C}.Debug|Any CPU.ActiveCfg = Debug|Any CPU
		{D9507438-5DEC-4FB3-AE16-7EC5D5E8449C}.Debug|Any CPU.Build.0 = Debug|Any CPU
		{D9507438-5DEC-4FB3-AE16-7EC5D5E8449C}.Release|Any CPU.ActiveCfg = Release|Any CPU
		{D9507438-5DEC-4FB3-AE16-7EC5D5E8449C}.Release|Any CPU.Build.0 = Release|Any CPU
	EndGlobalSection
	GlobalSection(SolutionProperties) = preSolution
		HideSolutionNode = FALSE
	EndGlobalSection
	GlobalSection(ExtensibilityGlobals) = postSolution
		SolutionGuid = {8E831BCD-307B-495F-ADDA-8685386A2D87}
	EndGlobalSection
EndGlobal
